
Microsoft Visual Studio Solution File, Format Version 12.00
# Visual Studio Version 16
VisualStudioVersion = 16.0.29009.5
MinimumVisualStudioVersion = 10.0.40219.1
Project("{9A19103F-16F7-4668-BE54-9A1E7A4F7556}") = "TodosSample", "src\TodosSample\TodosSample.csproj", "{7CA1455E-A749-4351-92F8-4C75E07B9977}"
EndProject
Project("{FAE04EC0-301F-11D3-BF4B-00C04F79EFBC}") = "TodosSample.Android", "src\TodosSample.Android\TodosSample.Android.csproj", "{11340CCC-F9A2-4C85-A3CD-E36AD305D727}"
EndProject
Global
	GlobalSection(SolutionConfigurationPlatforms) = preSolution
		Debug|Any CPU = Debug|Any CPU
		Release|Any CPU = Release|Any CPU
	EndGlobalSection
	GlobalSection(ProjectConfigurationPlatforms) = postSolution
		{7CA1455E-A749-4351-92F8-4C75E07B9977}.Debug|Any CPU.ActiveCfg = Debug|Any CPU
		{7CA1455E-A749-4351-92F8-4C75E07B9977}.Debug|Any CPU.Build.0 = Debug|Any CPU
		{7CA1455E-A749-4351-92F8-4C75E07B9977}.Release|Any CPU.ActiveCfg = Release|Any CPU
		{7CA1455E-A749-4351-92F8-4C75E07B9977}.Release|Any CPU.Build.0 = Release|Any CPU
		{11340CCC-F9A2-4C85-A3CD-E36AD305D727}.Debug|Any CPU.ActiveCfg = Debug|Any CPU
		{11340CCC-F9A2-4C85-A3CD-E36AD305D727}.Debug|Any CPU.Build.0 = Debug|Any CPU
		{11340CCC-F9A2-4C85-A3CD-E36AD305D727}.Debug|Any CPU.Deploy.0 = Debug|Any CPU
		{11340CCC-F9A2-4C85-A3CD-E36AD305D727}.Release|Any CPU.ActiveCfg = Release|Any CPU
		{11340CCC-F9A2-4C85-A3CD-E36AD305D727}.Release|Any CPU.Build.0 = Release|Any CPU
		{11340CCC-F9A2-4C85-A3CD-E36AD305D727}.Release|Any CPU.Deploy.0 = Release|Any CPU
	EndGlobalSection
	GlobalSection(SolutionProperties) = preSolution
		HideSolutionNode = FALSE
	EndGlobalSection
	GlobalSection(ExtensibilityGlobals) = postSolution
		SolutionGuid = {DD224D60-E04D-43E9-9649-A187F6F8A1A6}
	EndGlobalSection
EndGlobal
